// !$*UTF8*$!
{
	archiveVersion = 1;
	classes = {
	};
	objectVersion = 52;
	objects = {

/* Begin PBXBuildFile section */
		0688005FC8EFD654E2223471 /* Pods_KegerWeighter_KegerWeighterUITests.framework in Frameworks */ = {isa = PBXBuildFile; fileRef = 4C1C3DE8E5A1EC7ABE7ABC53 /* Pods_KegerWeighter_KegerWeighterUITests.framework */; };
		25565DF5276780C800F7D80E /* TrendsView.swift in Sources */ = {isa = PBXBuildFile; fileRef = 25565DF4276780C800F7D80E /* TrendsView.swift */; };
		25565DF72768F99500F7D80E /* KegService.swift in Sources */ = {isa = PBXBuildFile; fileRef = 25565DF62768F99500F7D80E /* KegService.swift */; };
		255D512F2759713700E05AB3 /* KegPercentageCircle.swift in Sources */ = {isa = PBXBuildFile; fileRef = 255D512E2759713600E05AB3 /* KegPercentageCircle.swift */; };
		2565EAA627698D21007ED5AE /* ResetKegView.swift in Sources */ = {isa = PBXBuildFile; fileRef = 2565EAA527698D21007ED5AE /* ResetKegView.swift */; };
		2565EAAB276A201E007ED5AE /* KegerWeighterApp+Injection.swift in Sources */ = {isa = PBXBuildFile; fileRef = 2565EAAA276A201E007ED5AE /* KegerWeighterApp+Injection.swift */; };
		2565EAAD276A2292007ED5AE /* FirestoreKegRepository.swift in Sources */ = {isa = PBXBuildFile; fileRef = 2565EAAC276A2292007ED5AE /* FirestoreKegRepository.swift */; };
		2577D965276C377300064752 /* SwiftUICharts in Frameworks */ = {isa = PBXBuildFile; productRef = 2577D964276C377300064752 /* SwiftUICharts */; };
		2577D9692782832D00064752 /* UserNotificationService.swift in Sources */ = {isa = PBXBuildFile; fileRef = 2577D9682782832900064752 /* UserNotificationService.swift */; };
		2577D96B27834F7800064752 /* ResetPasswordView.swift in Sources */ = {isa = PBXBuildFile; fileRef = 2577D96A27834F7600064752 /* ResetPasswordView.swift */; };
		25817704275664DD000A0888 /* KegerWeighterApp.swift in Sources */ = {isa = PBXBuildFile; fileRef = 25817703275664DD000A0888 /* KegerWeighterApp.swift */; };
		25817706275664DD000A0888 /* ContentView.swift in Sources */ = {isa = PBXBuildFile; fileRef = 25817705275664DD000A0888 /* ContentView.swift */; };
		25817708275664E2000A0888 /* Assets.xcassets in Resources */ = {isa = PBXBuildFile; fileRef = 25817707275664E2000A0888 /* Assets.xcassets */; };
		2581770B275664E2000A0888 /* Preview Assets.xcassets in Resources */ = {isa = PBXBuildFile; fileRef = 2581770A275664E2000A0888 /* Preview Assets.xcassets */; };
		25817716275664E3000A0888 /* KegerWeighterTests.swift in Sources */ = {isa = PBXBuildFile; fileRef = 25817715275664E3000A0888 /* KegerWeighterTests.swift */; };
		25817721275664E3000A0888 /* KegerWeighterUITests.swift in Sources */ = {isa = PBXBuildFile; fileRef = 25817720275664E3000A0888 /* KegerWeighterUITests.swift */; };
		2581772F2756652A000A0888 /* GoogleService-Info.plist in Resources */ = {isa = PBXBuildFile; fileRef = 2581772E2756652A000A0888 /* GoogleService-Info.plist */; };
		258177342756658D000A0888 /* AuthView.swift in Sources */ = {isa = PBXBuildFile; fileRef = 258177332756658D000A0888 /* AuthView.swift */; };
		2581773E27567ED7000A0888 /* SessionStore.swift in Sources */ = {isa = PBXBuildFile; fileRef = 2581773D27567ED7000A0888 /* SessionStore.swift */; };
		2581774027568590000A0888 /* AuthViewModel.swift in Sources */ = {isa = PBXBuildFile; fileRef = 2581773F2756858F000A0888 /* AuthViewModel.swift */; };
		2581774227569556000A0888 /* DashboardView.swift in Sources */ = {isa = PBXBuildFile; fileRef = 2581774127569556000A0888 /* DashboardView.swift */; };
		25817744275695A7000A0888 /* DashboardViewModel.swift in Sources */ = {isa = PBXBuildFile; fileRef = 25817743275695A7000A0888 /* DashboardViewModel.swift */; };
		258177482756A32B000A0888 /* SignInWithAppleService.swift in Sources */ = {isa = PBXBuildFile; fileRef = 258177472756A32B000A0888 /* SignInWithAppleService.swift */; };
		2584B262276B6DA7007BDFD5 /* FirestoreUserRepository.swift in Sources */ = {isa = PBXBuildFile; fileRef = 2584B261276B6DA7007BDFD5 /* FirestoreUserRepository.swift */; };
		2584B267276B9371007BDFD5 /* FirebaseUser.swift in Sources */ = {isa = PBXBuildFile; fileRef = 2584B266276B9371007BDFD5 /* FirebaseUser.swift */; };
		2584B269276BB938007BDFD5 /* NoKegsView.swift in Sources */ = {isa = PBXBuildFile; fileRef = 2584B268276BB938007BDFD5 /* NoKegsView.swift */; };
		25A21001275A616C00169ACC /* AddKegFloatingButton.swift in Sources */ = {isa = PBXBuildFile; fileRef = 25A21000275A616C00169ACC /* AddKegFloatingButton.swift */; };
		25A21003275A694000169ACC /* AddKegFormView.swift in Sources */ = {isa = PBXBuildFile; fileRef = 25A21002275A694000169ACC /* AddKegFormView.swift */; };
		25A21005275A7B5000169ACC /* KegDetailView.swift in Sources */ = {isa = PBXBuildFile; fileRef = 25A21004275A7B5000169ACC /* KegDetailView.swift */; };
		25A7386E275EFB9A00DFF080 /* Keg.swift in Sources */ = {isa = PBXBuildFile; fileRef = 25A7386D275EFB9A00DFF080 /* Keg.swift */; };
		25A7387827601C8C00DFF080 /* KegViewModel.swift in Sources */ = {isa = PBXBuildFile; fileRef = 25A7387727601C8C00DFF080 /* KegViewModel.swift */; };
		25A7387A276129D700DFF080 /* EditKegForm.swift in Sources */ = {isa = PBXBuildFile; fileRef = 25A73879276129D700DFF080 /* EditKegForm.swift */; };
		25A7387C2761317A00DFF080 /* SettingsView.swift in Sources */ = {isa = PBXBuildFile; fileRef = 25A7387B2761317A00DFF080 /* SettingsView.swift */; };
		25AB92C827615A24007B05DC /* Settings.swift in Sources */ = {isa = PBXBuildFile; fileRef = 25AB92C727615A24007B05DC /* Settings.swift */; };
		25AB92CA27615D28007B05DC /* SettingsViewModel.swift in Sources */ = {isa = PBXBuildFile; fileRef = 25AB92C927615D28007B05DC /* SettingsViewModel.swift */; };
		25AB92CC27616933007B05DC /* SettingsStore.swift in Sources */ = {isa = PBXBuildFile; fileRef = 25AB92CB27616933007B05DC /* SettingsStore.swift */; };
		25AB92CE2762AD45007B05DC /* SplashScreenView.swift in Sources */ = {isa = PBXBuildFile; fileRef = 25AB92CD2762AD45007B05DC /* SplashScreenView.swift */; };
		25AB92D22763AC13007B05DC /* Launch Screen.storyboard in Resources */ = {isa = PBXBuildFile; fileRef = 25AB92D12763AC13007B05DC /* Launch Screen.storyboard */; };
		25AB92D427650D9E007B05DC /* AddKegViewModel.swift in Sources */ = {isa = PBXBuildFile; fileRef = 25AB92D327650D9E007B05DC /* AddKegViewModel.swift */; };
		25C564FF275E70260095F250 /* KegCardView.swift in Sources */ = {isa = PBXBuildFile; fileRef = 25C564FE275E70260095F250 /* KegCardView.swift */; };
		44E7CF1FABCE8EA083B5E9D8 /* Pods_KegerWeighterTests.framework in Frameworks */ = {isa = PBXBuildFile; fileRef = 9C04E4F3A1B4A2B4E5FFC040 /* Pods_KegerWeighterTests.framework */; };
		735FF4912590C3033F0B4C07 /* Pods_KegerWeighter.framework in Frameworks */ = {isa = PBXBuildFile; fileRef = 9861D85F237912D9B5EB089E /* Pods_KegerWeighter.framework */; };
/* End PBXBuildFile section */

/* Begin PBXBuildRule section */
		255D512D2757FB6D00E05AB3 /* PBXBuildRule */ = {
			isa = PBXBuildRule;
			compilerSpec = com.apple.compilers.proxy.script;
			fileType = pattern.proxy;
			inputFiles = (
			);
			isEditable = 1;
			outputFiles = (
			);
			script = "# Type a script or drag a script file from your workspace to insert its path.\n";
		};
/* End PBXBuildRule section */

/* Begin PBXContainerItemProxy section */
		25817712275664E3000A0888 /* PBXContainerItemProxy */ = {
			isa = PBXContainerItemProxy;
			containerPortal = 258176F8275664DC000A0888 /* Project object */;
			proxyType = 1;
			remoteGlobalIDString = 258176FF275664DC000A0888;
			remoteInfo = KegerWeighter;
		};
		2581771D275664E3000A0888 /* PBXContainerItemProxy */ = {
			isa = PBXContainerItemProxy;
			containerPortal = 258176F8275664DC000A0888 /* Project object */;
			proxyType = 1;
			remoteGlobalIDString = 258176FF275664DC000A0888;
			remoteInfo = KegerWeighter;
		};
/* End PBXContainerItemProxy section */

/* Begin PBXFileReference section */
		17BD71427F2DC5C26279FB27 /* Pods-KegerWeighterTests.release.xcconfig */ = {isa = PBXFileReference; includeInIndex = 1; lastKnownFileType = text.xcconfig; name = "Pods-KegerWeighterTests.release.xcconfig"; path = "Target Support Files/Pods-KegerWeighterTests/Pods-KegerWeighterTests.release.xcconfig"; sourceTree = "<group>"; };
		25565DF4276780C800F7D80E /* TrendsView.swift */ = {isa = PBXFileReference; lastKnownFileType = sourcecode.swift; path = TrendsView.swift; sourceTree = "<group>"; };
		25565DF62768F99500F7D80E /* KegService.swift */ = {isa = PBXFileReference; lastKnownFileType = sourcecode.swift; path = KegService.swift; sourceTree = "<group>"; };
		255D512E2759713600E05AB3 /* KegPercentageCircle.swift */ = {isa = PBXFileReference; lastKnownFileType = sourcecode.swift; path = KegPercentageCircle.swift; sourceTree = "<group>"; };
		2565EAA527698D21007ED5AE /* ResetKegView.swift */ = {isa = PBXFileReference; lastKnownFileType = sourcecode.swift; path = ResetKegView.swift; sourceTree = "<group>"; };
		2565EAAA276A201E007ED5AE /* KegerWeighterApp+Injection.swift */ = {isa = PBXFileReference; lastKnownFileType = sourcecode.swift; path = "KegerWeighterApp+Injection.swift"; sourceTree = "<group>"; };
		2565EAAC276A2292007ED5AE /* FirestoreKegRepository.swift */ = {isa = PBXFileReference; lastKnownFileType = sourcecode.swift; path = FirestoreKegRepository.swift; sourceTree = "<group>"; };
		2577D9682782832900064752 /* UserNotificationService.swift */ = {isa = PBXFileReference; lastKnownFileType = sourcecode.swift; path = UserNotificationService.swift; sourceTree = "<group>"; };
		2577D96A27834F7600064752 /* ResetPasswordView.swift */ = {isa = PBXFileReference; lastKnownFileType = sourcecode.swift; path = ResetPasswordView.swift; sourceTree = "<group>"; };
		25817700275664DD000A0888 /* KegerWeighter.app */ = {isa = PBXFileReference; explicitFileType = wrapper.application; includeInIndex = 0; path = KegerWeighter.app; sourceTree = BUILT_PRODUCTS_DIR; };
		25817703275664DD000A0888 /* KegerWeighterApp.swift */ = {isa = PBXFileReference; lastKnownFileType = sourcecode.swift; path = KegerWeighterApp.swift; sourceTree = "<group>"; };
		25817705275664DD000A0888 /* ContentView.swift */ = {isa = PBXFileReference; lastKnownFileType = sourcecode.swift; path = ContentView.swift; sourceTree = "<group>"; };
		25817707275664E2000A0888 /* Assets.xcassets */ = {isa = PBXFileReference; lastKnownFileType = folder.assetcatalog; path = Assets.xcassets; sourceTree = "<group>"; };
		2581770A275664E2000A0888 /* Preview Assets.xcassets */ = {isa = PBXFileReference; lastKnownFileType = folder.assetcatalog; path = "Preview Assets.xcassets"; sourceTree = "<group>"; };
		2581770C275664E2000A0888 /* Info.plist */ = {isa = PBXFileReference; lastKnownFileType = text.plist.xml; path = Info.plist; sourceTree = "<group>"; };
		25817711275664E3000A0888 /* KegerWeighterTests.xctest */ = {isa = PBXFileReference; explicitFileType = wrapper.cfbundle; includeInIndex = 0; path = KegerWeighterTests.xctest; sourceTree = BUILT_PRODUCTS_DIR; };
		25817715275664E3000A0888 /* KegerWeighterTests.swift */ = {isa = PBXFileReference; lastKnownFileType = sourcecode.swift; path = KegerWeighterTests.swift; sourceTree = "<group>"; };
		25817717275664E3000A0888 /* Info.plist */ = {isa = PBXFileReference; lastKnownFileType = text.plist.xml; path = Info.plist; sourceTree = "<group>"; };
		2581771C275664E3000A0888 /* KegerWeighterUITests.xctest */ = {isa = PBXFileReference; explicitFileType = wrapper.cfbundle; includeInIndex = 0; path = KegerWeighterUITests.xctest; sourceTree = BUILT_PRODUCTS_DIR; };
		25817720275664E3000A0888 /* KegerWeighterUITests.swift */ = {isa = PBXFileReference; lastKnownFileType = sourcecode.swift; path = KegerWeighterUITests.swift; sourceTree = "<group>"; };
		25817722275664E3000A0888 /* Info.plist */ = {isa = PBXFileReference; lastKnownFileType = text.plist.xml; path = Info.plist; sourceTree = "<group>"; };
		2581772E2756652A000A0888 /* GoogleService-Info.plist */ = {isa = PBXFileReference; fileEncoding = 4; lastKnownFileType = text.plist.xml; path = "GoogleService-Info.plist"; sourceTree = "<group>"; };
		258177332756658D000A0888 /* AuthView.swift */ = {isa = PBXFileReference; lastKnownFileType = sourcecode.swift; path = AuthView.swift; sourceTree = "<group>"; };
		2581773D27567ED7000A0888 /* SessionStore.swift */ = {isa = PBXFileReference; lastKnownFileType = sourcecode.swift; path = SessionStore.swift; sourceTree = "<group>"; };
		2581773F2756858F000A0888 /* AuthViewModel.swift */ = {isa = PBXFileReference; lastKnownFileType = sourcecode.swift; path = AuthViewModel.swift; sourceTree = "<group>"; };
		2581774127569556000A0888 /* DashboardView.swift */ = {isa = PBXFileReference; lastKnownFileType = sourcecode.swift; path = DashboardView.swift; sourceTree = "<group>"; };
		25817743275695A7000A0888 /* DashboardViewModel.swift */ = {isa = PBXFileReference; lastKnownFileType = sourcecode.swift; path = DashboardViewModel.swift; sourceTree = "<group>"; };
		2581774527569E5F000A0888 /* KegerWeighter.entitlements */ = {isa = PBXFileReference; lastKnownFileType = text.plist.entitlements; path = KegerWeighter.entitlements; sourceTree = "<group>"; };
		258177472756A32B000A0888 /* SignInWithAppleService.swift */ = {isa = PBXFileReference; lastKnownFileType = sourcecode.swift; path = SignInWithAppleService.swift; sourceTree = "<group>"; };
		2584B261276B6DA7007BDFD5 /* FirestoreUserRepository.swift */ = {isa = PBXFileReference; lastKnownFileType = sourcecode.swift; path = FirestoreUserRepository.swift; sourceTree = "<group>"; };
		2584B266276B9371007BDFD5 /* FirebaseUser.swift */ = {isa = PBXFileReference; lastKnownFileType = sourcecode.swift; path = FirebaseUser.swift; sourceTree = "<group>"; };
		2584B268276BB938007BDFD5 /* NoKegsView.swift */ = {isa = PBXFileReference; lastKnownFileType = sourcecode.swift; path = NoKegsView.swift; sourceTree = "<group>"; };
		25A21000275A616C00169ACC /* AddKegFloatingButton.swift */ = {isa = PBXFileReference; lastKnownFileType = sourcecode.swift; path = AddKegFloatingButton.swift; sourceTree = "<group>"; };
		25A21002275A694000169ACC /* AddKegFormView.swift */ = {isa = PBXFileReference; lastKnownFileType = sourcecode.swift; path = AddKegFormView.swift; sourceTree = "<group>"; };
		25A21004275A7B5000169ACC /* KegDetailView.swift */ = {isa = PBXFileReference; lastKnownFileType = sourcecode.swift; path = KegDetailView.swift; sourceTree = "<group>"; };
		25A7386D275EFB9A00DFF080 /* Keg.swift */ = {isa = PBXFileReference; lastKnownFileType = sourcecode.swift; path = Keg.swift; sourceTree = "<group>"; };
		25A7387727601C8C00DFF080 /* KegViewModel.swift */ = {isa = PBXFileReference; lastKnownFileType = sourcecode.swift; path = KegViewModel.swift; sourceTree = "<group>"; };
		25A73879276129D700DFF080 /* EditKegForm.swift */ = {isa = PBXFileReference; lastKnownFileType = sourcecode.swift; path = EditKegForm.swift; sourceTree = "<group>"; };
		25A7387B2761317A00DFF080 /* SettingsView.swift */ = {isa = PBXFileReference; lastKnownFileType = sourcecode.swift; path = SettingsView.swift; sourceTree = "<group>"; };
		25AB92C727615A24007B05DC /* Settings.swift */ = {isa = PBXFileReference; lastKnownFileType = sourcecode.swift; path = Settings.swift; sourceTree = "<group>"; };
		25AB92C927615D28007B05DC /* SettingsViewModel.swift */ = {isa = PBXFileReference; lastKnownFileType = sourcecode.swift; path = SettingsViewModel.swift; sourceTree = "<group>"; };
		25AB92CB27616933007B05DC /* SettingsStore.swift */ = {isa = PBXFileReference; lastKnownFileType = sourcecode.swift; path = SettingsStore.swift; sourceTree = "<group>"; };
		25AB92CD2762AD45007B05DC /* SplashScreenView.swift */ = {isa = PBXFileReference; lastKnownFileType = sourcecode.swift; path = SplashScreenView.swift; sourceTree = "<group>"; };
		25AB92D12763AC13007B05DC /* Launch Screen.storyboard */ = {isa = PBXFileReference; lastKnownFileType = file.storyboard; path = "Launch Screen.storyboard"; sourceTree = "<group>"; };
		25AB92D327650D9E007B05DC /* AddKegViewModel.swift */ = {isa = PBXFileReference; lastKnownFileType = sourcecode.swift; path = AddKegViewModel.swift; sourceTree = "<group>"; };
		25C564FE275E70260095F250 /* KegCardView.swift */ = {isa = PBXFileReference; lastKnownFileType = sourcecode.swift; path = KegCardView.swift; sourceTree = "<group>"; };
		4C1C3DE8E5A1EC7ABE7ABC53 /* Pods_KegerWeighter_KegerWeighterUITests.framework */ = {isa = PBXFileReference; explicitFileType = wrapper.framework; includeInIndex = 0; path = Pods_KegerWeighter_KegerWeighterUITests.framework; sourceTree = BUILT_PRODUCTS_DIR; };
		6477735FB2C4D38E1AF2D083 /* Pods-KegerWeighter.debug.xcconfig */ = {isa = PBXFileReference; includeInIndex = 1; lastKnownFileType = text.xcconfig; name = "Pods-KegerWeighter.debug.xcconfig"; path = "Target Support Files/Pods-KegerWeighter/Pods-KegerWeighter.debug.xcconfig"; sourceTree = "<group>"; };
		9861D85F237912D9B5EB089E /* Pods_KegerWeighter.framework */ = {isa = PBXFileReference; explicitFileType = wrapper.framework; includeInIndex = 0; path = Pods_KegerWeighter.framework; sourceTree = BUILT_PRODUCTS_DIR; };
		9C04E4F3A1B4A2B4E5FFC040 /* Pods_KegerWeighterTests.framework */ = {isa = PBXFileReference; explicitFileType = wrapper.framework; includeInIndex = 0; path = Pods_KegerWeighterTests.framework; sourceTree = BUILT_PRODUCTS_DIR; };
		A3CBCA554B349AD31EC34D2B /* Pods-KegerWeighterTests.debug.xcconfig */ = {isa = PBXFileReference; includeInIndex = 1; lastKnownFileType = text.xcconfig; name = "Pods-KegerWeighterTests.debug.xcconfig"; path = "Target Support Files/Pods-KegerWeighterTests/Pods-KegerWeighterTests.debug.xcconfig"; sourceTree = "<group>"; };
		C9513A3D922E4E12B8582F81 /* Pods-KegerWeighter-KegerWeighterUITests.debug.xcconfig */ = {isa = PBXFileReference; includeInIndex = 1; lastKnownFileType = text.xcconfig; name = "Pods-KegerWeighter-KegerWeighterUITests.debug.xcconfig"; path = "Target Support Files/Pods-KegerWeighter-KegerWeighterUITests/Pods-KegerWeighter-KegerWeighterUITests.debug.xcconfig"; sourceTree = "<group>"; };
		D494648D2DB32B2C74B73A72 /* Pods-KegerWeighter.release.xcconfig */ = {isa = PBXFileReference; includeInIndex = 1; lastKnownFileType = text.xcconfig; name = "Pods-KegerWeighter.release.xcconfig"; path = "Target Support Files/Pods-KegerWeighter/Pods-KegerWeighter.release.xcconfig"; sourceTree = "<group>"; };
		FB6DA457F2A1636949F5A447 /* Pods-KegerWeighter-KegerWeighterUITests.release.xcconfig */ = {isa = PBXFileReference; includeInIndex = 1; lastKnownFileType = text.xcconfig; name = "Pods-KegerWeighter-KegerWeighterUITests.release.xcconfig"; path = "Target Support Files/Pods-KegerWeighter-KegerWeighterUITests/Pods-KegerWeighter-KegerWeighterUITests.release.xcconfig"; sourceTree = "<group>"; };
/* End PBXFileReference section */

/* Begin PBXFrameworksBuildPhase section */
		258176FD275664DC000A0888 /* Frameworks */ = {
			isa = PBXFrameworksBuildPhase;
			buildActionMask = 2147483647;
			files = (
				735FF4912590C3033F0B4C07 /* Pods_KegerWeighter.framework in Frameworks */,
				2577D965276C377300064752 /* SwiftUICharts in Frameworks */,
			);
			runOnlyForDeploymentPostprocessing = 0;
		};
		2581770E275664E3000A0888 /* Frameworks */ = {
			isa = PBXFrameworksBuildPhase;
			buildActionMask = 2147483647;
			files = (
				44E7CF1FABCE8EA083B5E9D8 /* Pods_KegerWeighterTests.framework in Frameworks */,
			);
			runOnlyForDeploymentPostprocessing = 0;
		};
		25817719275664E3000A0888 /* Frameworks */ = {
			isa = PBXFrameworksBuildPhase;
			buildActionMask = 2147483647;
			files = (
				0688005FC8EFD654E2223471 /* Pods_KegerWeighter_KegerWeighterUITests.framework in Frameworks */,
			);
			runOnlyForDeploymentPostprocessing = 0;
		};
/* End PBXFrameworksBuildPhase section */

/* Begin PBXGroup section */
		258176F7275664DC000A0888 = {
			isa = PBXGroup;
			children = (
				25817702275664DD000A0888 /* KegerWeighter */,
				25817714275664E3000A0888 /* KegerWeighterTests */,
				2581771F275664E3000A0888 /* KegerWeighterUITests */,
				25817701275664DD000A0888 /* Products */,
				25A7386F275F06F500DFF080 /* Frameworks */,
				86B9A1513A8388791B7E68A5 /* Pods */,
			);
			sourceTree = "<group>";
		};
		25817701275664DD000A0888 /* Products */ = {
			isa = PBXGroup;
			children = (
				25817700275664DD000A0888 /* KegerWeighter.app */,
				25817711275664E3000A0888 /* KegerWeighterTests.xctest */,
				2581771C275664E3000A0888 /* KegerWeighterUITests.xctest */,
			);
			name = Products;
			sourceTree = "<group>";
		};
		25817702275664DD000A0888 /* KegerWeighter */ = {
			isa = PBXGroup;
			children = (
				2584B25E276AE08E007BDFD5 /* Util */,
				25A73872275FB1B700DFF080 /* Repositories */,
				258177462756A318000A0888 /* Services */,
				2581774527569E5F000A0888 /* KegerWeighter.entitlements */,
				2581773C27567EC0000A0888 /* EnvironmentObjects */,
				2581773227566578000A0888 /* Models */,
				258177312756656B000A0888 /* ViewModels */,
				2581773027566564000A0888 /* Views */,
				2581772E2756652A000A0888 /* GoogleService-Info.plist */,
				25817703275664DD000A0888 /* KegerWeighterApp.swift */,
				25817705275664DD000A0888 /* ContentView.swift */,
				25817707275664E2000A0888 /* Assets.xcassets */,
				2581770C275664E2000A0888 /* Info.plist */,
				25817709275664E2000A0888 /* Preview Content */,
				25AB92D12763AC13007B05DC /* Launch Screen.storyboard */,
				2565EAAA276A201E007ED5AE /* KegerWeighterApp+Injection.swift */,
			);
			path = KegerWeighter;
			sourceTree = "<group>";
		};
		25817709275664E2000A0888 /* Preview Content */ = {
			isa = PBXGroup;
			children = (
				2581770A275664E2000A0888 /* Preview Assets.xcassets */,
			);
			path = "Preview Content";
			sourceTree = "<group>";
		};
		25817714275664E3000A0888 /* KegerWeighterTests */ = {
			isa = PBXGroup;
			children = (
				25817715275664E3000A0888 /* KegerWeighterTests.swift */,
				25817717275664E3000A0888 /* Info.plist */,
			);
			path = KegerWeighterTests;
			sourceTree = "<group>";
		};
		2581771F275664E3000A0888 /* KegerWeighterUITests */ = {
			isa = PBXGroup;
			children = (
				25817720275664E3000A0888 /* KegerWeighterUITests.swift */,
				25817722275664E3000A0888 /* Info.plist */,
			);
			path = KegerWeighterUITests;
			sourceTree = "<group>";
		};
		2581773027566564000A0888 /* Views */ = {
			isa = PBXGroup;
			children = (
				258177332756658D000A0888 /* AuthView.swift */,
				2581774127569556000A0888 /* DashboardView.swift */,
				255D512E2759713600E05AB3 /* KegPercentageCircle.swift */,
				25A21000275A616C00169ACC /* AddKegFloatingButton.swift */,
				25A21002275A694000169ACC /* AddKegFormView.swift */,
				25A21004275A7B5000169ACC /* KegDetailView.swift */,
				25C564FE275E70260095F250 /* KegCardView.swift */,
				25A73879276129D700DFF080 /* EditKegForm.swift */,
				25A7387B2761317A00DFF080 /* SettingsView.swift */,
				25AB92CD2762AD45007B05DC /* SplashScreenView.swift */,
				25565DF4276780C800F7D80E /* TrendsView.swift */,
				2565EAA527698D21007ED5AE /* ResetKegView.swift */,
				2584B268276BB938007BDFD5 /* NoKegsView.swift */,
				2577D96A27834F7600064752 /* ResetPasswordView.swift */,
			);
			path = Views;
			sourceTree = "<group>";
		};
		258177312756656B000A0888 /* ViewModels */ = {
			isa = PBXGroup;
			children = (
				2581773F2756858F000A0888 /* AuthViewModel.swift */,
				25817743275695A7000A0888 /* DashboardViewModel.swift */,
				25A7387727601C8C00DFF080 /* KegViewModel.swift */,
				25AB92C927615D28007B05DC /* SettingsViewModel.swift */,
				25AB92D327650D9E007B05DC /* AddKegViewModel.swift */,
			);
			path = ViewModels;
			sourceTree = "<group>";
		};
		2581773227566578000A0888 /* Models */ = {
			isa = PBXGroup;
			children = (
				25A7386D275EFB9A00DFF080 /* Keg.swift */,
				25AB92C727615A24007B05DC /* Settings.swift */,
				2584B266276B9371007BDFD5 /* FirebaseUser.swift */,
			);
			path = Models;
			sourceTree = "<group>";
		};
		2581773C27567EC0000A0888 /* EnvironmentObjects */ = {
			isa = PBXGroup;
			children = (
				2581773D27567ED7000A0888 /* SessionStore.swift */,
				25AB92CB27616933007B05DC /* SettingsStore.swift */,
			);
			path = EnvironmentObjects;
			sourceTree = "<group>";
		};
		258177462756A318000A0888 /* Services */ = {
			isa = PBXGroup;
			children = (
				258177472756A32B000A0888 /* SignInWithAppleService.swift */,
				25565DF62768F99500F7D80E /* KegService.swift */,
				2577D9682782832900064752 /* UserNotificationService.swift */,
			);
			path = Services;
			sourceTree = "<group>";
		};
		2584B25E276AE08E007BDFD5 /* Util */ = {
			isa = PBXGroup;
			children = (
			);
			path = Util;
			sourceTree = "<group>";
		};
		25A7386F275F06F500DFF080 /* Frameworks */ = {
			isa = PBXGroup;
			children = (
				9861D85F237912D9B5EB089E /* Pods_KegerWeighter.framework */,
				4C1C3DE8E5A1EC7ABE7ABC53 /* Pods_KegerWeighter_KegerWeighterUITests.framework */,
				9C04E4F3A1B4A2B4E5FFC040 /* Pods_KegerWeighterTests.framework */,
			);
			name = Frameworks;
			sourceTree = "<group>";
		};
		25A73872275FB1B700DFF080 /* Repositories */ = {
			isa = PBXGroup;
			children = (
				2565EAAC276A2292007ED5AE /* FirestoreKegRepository.swift */,
				2584B261276B6DA7007BDFD5 /* FirestoreUserRepository.swift */,
			);
			path = Repositories;
			sourceTree = "<group>";
		};
		86B9A1513A8388791B7E68A5 /* Pods */ = {
			isa = PBXGroup;
			children = (
				6477735FB2C4D38E1AF2D083 /* Pods-KegerWeighter.debug.xcconfig */,
				D494648D2DB32B2C74B73A72 /* Pods-KegerWeighter.release.xcconfig */,
				C9513A3D922E4E12B8582F81 /* Pods-KegerWeighter-KegerWeighterUITests.debug.xcconfig */,
				FB6DA457F2A1636949F5A447 /* Pods-KegerWeighter-KegerWeighterUITests.release.xcconfig */,
				A3CBCA554B349AD31EC34D2B /* Pods-KegerWeighterTests.debug.xcconfig */,
				17BD71427F2DC5C26279FB27 /* Pods-KegerWeighterTests.release.xcconfig */,
			);
			path = Pods;
			sourceTree = "<group>";
		};
/* End PBXGroup section */

/* Begin PBXNativeTarget section */
		258176FF275664DC000A0888 /* KegerWeighter */ = {
			isa = PBXNativeTarget;
			buildConfigurationList = 25817725275664E3000A0888 /* Build configuration list for PBXNativeTarget "KegerWeighter" */;
			buildPhases = (
				841C06B8F583D7BA7C3739E5 /* [CP] Check Pods Manifest.lock */,
				258176FC275664DC000A0888 /* Sources */,
				258176FD275664DC000A0888 /* Frameworks */,
				258176FE275664DC000A0888 /* Resources */,
				30A730962F610FDFF38AE871 /* [CP] Embed Pods Frameworks */,
			);
			buildRules = (
				255D512D2757FB6D00E05AB3 /* PBXBuildRule */,
			);
			dependencies = (
			);
			name = KegerWeighter;
			packageProductDependencies = (
				2577D964276C377300064752 /* SwiftUICharts */,
			);
			productName = KegerWeighter;
			productReference = 25817700275664DD000A0888 /* KegerWeighter.app */;
			productType = "com.apple.product-type.application";
		};
		25817710275664E3000A0888 /* KegerWeighterTests */ = {
			isa = PBXNativeTarget;
			buildConfigurationList = 25817728275664E3000A0888 /* Build configuration list for PBXNativeTarget "KegerWeighterTests" */;
			buildPhases = (
				0BFFB70954BCC919059F4270 /* [CP] Check Pods Manifest.lock */,
				2581770D275664E3000A0888 /* Sources */,
				2581770E275664E3000A0888 /* Frameworks */,
				2581770F275664E3000A0888 /* Resources */,
			);
			buildRules = (
			);
			dependencies = (
				25817713275664E3000A0888 /* PBXTargetDependency */,
			);
			name = KegerWeighterTests;
			productName = KegerWeighterTests;
			productReference = 25817711275664E3000A0888 /* KegerWeighterTests.xctest */;
			productType = "com.apple.product-type.bundle.unit-test";
		};
		2581771B275664E3000A0888 /* KegerWeighterUITests */ = {
			isa = PBXNativeTarget;
			buildConfigurationList = 2581772B275664E3000A0888 /* Build configuration list for PBXNativeTarget "KegerWeighterUITests" */;
			buildPhases = (
				0C040A957723782EE7B0E053 /* [CP] Check Pods Manifest.lock */,
				25817718275664E3000A0888 /* Sources */,
				25817719275664E3000A0888 /* Frameworks */,
				2581771A275664E3000A0888 /* Resources */,
				DAD3693F9D432158E20F996A /* [CP] Embed Pods Frameworks */,
			);
			buildRules = (
			);
			dependencies = (
				2581771E275664E3000A0888 /* PBXTargetDependency */,
			);
			name = KegerWeighterUITests;
			productName = KegerWeighterUITests;
			productReference = 2581771C275664E3000A0888 /* KegerWeighterUITests.xctest */;
			productType = "com.apple.product-type.bundle.ui-testing";
		};
/* End PBXNativeTarget section */

/* Begin PBXProject section */
		258176F8275664DC000A0888 /* Project object */ = {
			isa = PBXProject;
			attributes = {
				LastSwiftUpdateCheck = 1250;
				LastUpgradeCheck = 1250;
				TargetAttributes = {
					258176FF275664DC000A0888 = {
						CreatedOnToolsVersion = 12.5.1;
					};
					25817710275664E3000A0888 = {
						CreatedOnToolsVersion = 12.5.1;
						TestTargetID = 258176FF275664DC000A0888;
					};
					2581771B275664E3000A0888 = {
						CreatedOnToolsVersion = 12.5.1;
						TestTargetID = 258176FF275664DC000A0888;
					};
				};
			};
			buildConfigurationList = 258176FB275664DC000A0888 /* Build configuration list for PBXProject "KegerWeighter" */;
			compatibilityVersion = "Xcode 9.3";
			developmentRegion = en;
			hasScannedForEncodings = 0;
			knownRegions = (
				en,
				Base,
			);
			mainGroup = 258176F7275664DC000A0888;
			packageReferences = (
				2577D963276C377300064752 /* XCRemoteSwiftPackageReference "ChartView" */,
			);
			productRefGroup = 25817701275664DD000A0888 /* Products */;
			projectDirPath = "";
			projectRoot = "";
			targets = (
				258176FF275664DC000A0888 /* KegerWeighter */,
				25817710275664E3000A0888 /* KegerWeighterTests */,
				2581771B275664E3000A0888 /* KegerWeighterUITests */,
			);
		};
/* End PBXProject section */

/* Begin PBXResourcesBuildPhase section */
		258176FE275664DC000A0888 /* Resources */ = {
			isa = PBXResourcesBuildPhase;
			buildActionMask = 2147483647;
			files = (
				2581770B275664E2000A0888 /* Preview Assets.xcassets in Resources */,
				2581772F2756652A000A0888 /* GoogleService-Info.plist in Resources */,
				25AB92D22763AC13007B05DC /* Launch Screen.storyboard in Resources */,
				25817708275664E2000A0888 /* Assets.xcassets in Resources */,
			);
			runOnlyForDeploymentPostprocessing = 0;
		};
		2581770F275664E3000A0888 /* Resources */ = {
			isa = PBXResourcesBuildPhase;
			buildActionMask = 2147483647;
			files = (
			);
			runOnlyForDeploymentPostprocessing = 0;
		};
		2581771A275664E3000A0888 /* Resources */ = {
			isa = PBXResourcesBuildPhase;
			buildActionMask = 2147483647;
			files = (
			);
			runOnlyForDeploymentPostprocessing = 0;
		};
/* End PBXResourcesBuildPhase section */

/* Begin PBXShellScriptBuildPhase section */
		0BFFB70954BCC919059F4270 /* [CP] Check Pods Manifest.lock */ = {
			isa = PBXShellScriptBuildPhase;
			buildActionMask = 2147483647;
			files = (
			);
			inputFileListPaths = (
			);
			inputPaths = (
				"${PODS_PODFILE_DIR_PATH}/Podfile.lock",
				"${PODS_ROOT}/Manifest.lock",
			);
			name = "[CP] Check Pods Manifest.lock";
			outputFileListPaths = (
			);
			outputPaths = (
				"$(DERIVED_FILE_DIR)/Pods-KegerWeighterTests-checkManifestLockResult.txt",
			);
			runOnlyForDeploymentPostprocessing = 0;
			shellPath = /bin/sh;
			shellScript = "diff \"${PODS_PODFILE_DIR_PATH}/Podfile.lock\" \"${PODS_ROOT}/Manifest.lock\" > /dev/null\nif [ $? != 0 ] ; then\n    # print error to STDERR\n    echo \"error: The sandbox is not in sync with the Podfile.lock. Run 'pod install' or update your CocoaPods installation.\" >&2\n    exit 1\nfi\n# This output is used by Xcode 'outputs' to avoid re-running this script phase.\necho \"SUCCESS\" > \"${SCRIPT_OUTPUT_FILE_0}\"\n";
			showEnvVarsInLog = 0;
		};
		0C040A957723782EE7B0E053 /* [CP] Check Pods Manifest.lock */ = {
			isa = PBXShellScriptBuildPhase;
			buildActionMask = 2147483647;
			files = (
			);
			inputFileListPaths = (
			);
			inputPaths = (
				"${PODS_PODFILE_DIR_PATH}/Podfile.lock",
				"${PODS_ROOT}/Manifest.lock",
			);
			name = "[CP] Check Pods Manifest.lock";
			outputFileListPaths = (
			);
			outputPaths = (
				"$(DERIVED_FILE_DIR)/Pods-KegerWeighter-KegerWeighterUITests-checkManifestLockResult.txt",
			);
			runOnlyForDeploymentPostprocessing = 0;
			shellPath = /bin/sh;
			shellScript = "diff \"${PODS_PODFILE_DIR_PATH}/Podfile.lock\" \"${PODS_ROOT}/Manifest.lock\" > /dev/null\nif [ $? != 0 ] ; then\n    # print error to STDERR\n    echo \"error: The sandbox is not in sync with the Podfile.lock. Run 'pod install' or update your CocoaPods installation.\" >&2\n    exit 1\nfi\n# This output is used by Xcode 'outputs' to avoid re-running this script phase.\necho \"SUCCESS\" > \"${SCRIPT_OUTPUT_FILE_0}\"\n";
			showEnvVarsInLog = 0;
		};
		30A730962F610FDFF38AE871 /* [CP] Embed Pods Frameworks */ = {
			isa = PBXShellScriptBuildPhase;
			buildActionMask = 2147483647;
			files = (
			);
			inputFileListPaths = (
				"${PODS_ROOT}/Target Support Files/Pods-KegerWeighter/Pods-KegerWeighter-frameworks-${CONFIGURATION}-input-files.xcfilelist",
			);
			name = "[CP] Embed Pods Frameworks";
			outputFileListPaths = (
				"${PODS_ROOT}/Target Support Files/Pods-KegerWeighter/Pods-KegerWeighter-frameworks-${CONFIGURATION}-output-files.xcfilelist",
			);
			runOnlyForDeploymentPostprocessing = 0;
			shellPath = /bin/sh;
			shellScript = "\"${PODS_ROOT}/Target Support Files/Pods-KegerWeighter/Pods-KegerWeighter-frameworks.sh\"\n";
			showEnvVarsInLog = 0;
		};
		841C06B8F583D7BA7C3739E5 /* [CP] Check Pods Manifest.lock */ = {
			isa = PBXShellScriptBuildPhase;
			buildActionMask = 2147483647;
			files = (
			);
			inputFileListPaths = (
			);
			inputPaths = (
				"${PODS_PODFILE_DIR_PATH}/Podfile.lock",
				"${PODS_ROOT}/Manifest.lock",
			);
			name = "[CP] Check Pods Manifest.lock";
			outputFileListPaths = (
			);
			outputPaths = (
				"$(DERIVED_FILE_DIR)/Pods-KegerWeighter-checkManifestLockResult.txt",
			);
			runOnlyForDeploymentPostprocessing = 0;
			shellPath = /bin/sh;
			shellScript = "diff \"${PODS_PODFILE_DIR_PATH}/Podfile.lock\" \"${PODS_ROOT}/Manifest.lock\" > /dev/null\nif [ $? != 0 ] ; then\n    # print error to STDERR\n    echo \"error: The sandbox is not in sync with the Podfile.lock. Run 'pod install' or update your CocoaPods installation.\" >&2\n    exit 1\nfi\n# This output is used by Xcode 'outputs' to avoid re-running this script phase.\necho \"SUCCESS\" > \"${SCRIPT_OUTPUT_FILE_0}\"\n";
			showEnvVarsInLog = 0;
		};
		DAD3693F9D432158E20F996A /* [CP] Embed Pods Frameworks */ = {
			isa = PBXShellScriptBuildPhase;
			buildActionMask = 2147483647;
			files = (
			);
			inputFileListPaths = (
				"${PODS_ROOT}/Target Support Files/Pods-KegerWeighter-KegerWeighterUITests/Pods-KegerWeighter-KegerWeighterUITests-frameworks-${CONFIGURATION}-input-files.xcfilelist",
			);
			name = "[CP] Embed Pods Frameworks";
			outputFileListPaths = (
				"${PODS_ROOT}/Target Support Files/Pods-KegerWeighter-KegerWeighterUITests/Pods-KegerWeighter-KegerWeighterUITests-frameworks-${CONFIGURATION}-output-files.xcfilelist",
			);
			runOnlyForDeploymentPostprocessing = 0;
			shellPath = /bin/sh;
			shellScript = "\"${PODS_ROOT}/Target Support Files/Pods-KegerWeighter-KegerWeighterUITests/Pods-KegerWeighter-KegerWeighterUITests-frameworks.sh\"\n";
			showEnvVarsInLog = 0;
		};
/* End PBXShellScriptBuildPhase section */

/* Begin PBXSourcesBuildPhase section */
		258176FC275664DC000A0888 /* Sources */ = {
			isa = PBXSourcesBuildPhase;
			buildActionMask = 2147483647;
			files = (
				2584B267276B9371007BDFD5 /* FirebaseUser.swift in Sources */,
				2581774027568590000A0888 /* AuthViewModel.swift in Sources */,
				2565EAA627698D21007ED5AE /* ResetKegView.swift in Sources */,
				2577D96B27834F7800064752 /* ResetPasswordView.swift in Sources */,
				25A7386E275EFB9A00DFF080 /* Keg.swift in Sources */,
				2581774227569556000A0888 /* DashboardView.swift in Sources */,
				25817706275664DD000A0888 /* ContentView.swift in Sources */,
				25AB92D427650D9E007B05DC /* AddKegViewModel.swift in Sources */,
				25C564FF275E70260095F250 /* KegCardView.swift in Sources */,
				25A21005275A7B5000169ACC /* KegDetailView.swift in Sources */,
				25AB92CE2762AD45007B05DC /* SplashScreenView.swift in Sources */,
				25817704275664DD000A0888 /* KegerWeighterApp.swift in Sources */,
				2581773E27567ED7000A0888 /* SessionStore.swift in Sources */,
				25AB92CC27616933007B05DC /* SettingsStore.swift in Sources */,
				258177342756658D000A0888 /* AuthView.swift in Sources */,
				25A7387A276129D700DFF080 /* EditKegForm.swift in Sources */,
				2584B262276B6DA7007BDFD5 /* FirestoreUserRepository.swift in Sources */,
				25565DF5276780C800F7D80E /* TrendsView.swift in Sources */,
				25A21003275A694000169ACC /* AddKegFormView.swift in Sources */,
				25A7387827601C8C00DFF080 /* KegViewModel.swift in Sources */,
				25AB92C827615A24007B05DC /* Settings.swift in Sources */,
				258177482756A32B000A0888 /* SignInWithAppleService.swift in Sources */,
				25A21001275A616C00169ACC /* AddKegFloatingButton.swift in Sources */,
				2565EAAD276A2292007ED5AE /* FirestoreKegRepository.swift in Sources */,
				2565EAAB276A201E007ED5AE /* KegerWeighterApp+Injection.swift in Sources */,
				25565DF72768F99500F7D80E /* KegService.swift in Sources */,
				255D512F2759713700E05AB3 /* KegPercentageCircle.swift in Sources */,
				25817744275695A7000A0888 /* DashboardViewModel.swift in Sources */,
				25A7387C2761317A00DFF080 /* SettingsView.swift in Sources */,
				2577D9692782832D00064752 /* UserNotificationService.swift in Sources */,
				25AB92CA27615D28007B05DC /* SettingsViewModel.swift in Sources */,
				2584B269276BB938007BDFD5 /* NoKegsView.swift in Sources */,
			);
			runOnlyForDeploymentPostprocessing = 0;
		};
		2581770D275664E3000A0888 /* Sources */ = {
			isa = PBXSourcesBuildPhase;
			buildActionMask = 2147483647;
			files = (
				25817716275664E3000A0888 /* KegerWeighterTests.swift in Sources */,
			);
			runOnlyForDeploymentPostprocessing = 0;
		};
		25817718275664E3000A0888 /* Sources */ = {
			isa = PBXSourcesBuildPhase;
			buildActionMask = 2147483647;
			files = (
				25817721275664E3000A0888 /* KegerWeighterUITests.swift in Sources */,
			);
			runOnlyForDeploymentPostprocessing = 0;
		};
/* End PBXSourcesBuildPhase section */

/* Begin PBXTargetDependency section */
		25817713275664E3000A0888 /* PBXTargetDependency */ = {
			isa = PBXTargetDependency;
			target = 258176FF275664DC000A0888 /* KegerWeighter */;
			targetProxy = 25817712275664E3000A0888 /* PBXContainerItemProxy */;
		};
		2581771E275664E3000A0888 /* PBXTargetDependency */ = {
			isa = PBXTargetDependency;
			target = 258176FF275664DC000A0888 /* KegerWeighter */;
			targetProxy = 2581771D275664E3000A0888 /* PBXContainerItemProxy */;
		};
/* End PBXTargetDependency section */

/* Begin XCBuildConfiguration section */
		25817723275664E3000A0888 /* Debug */ = {
			isa = XCBuildConfiguration;
			buildSettings = {
				ALWAYS_SEARCH_USER_PATHS = NO;
				CLANG_ANALYZER_NONNULL = YES;
				CLANG_ANALYZER_NUMBER_OBJECT_CONVERSION = YES_AGGRESSIVE;
				CLANG_CXX_LANGUAGE_STANDARD = "gnu++14";
				CLANG_CXX_LIBRARY = "libc++";
				CLANG_ENABLE_MODULES = YES;
				CLANG_ENABLE_OBJC_ARC = YES;
				CLANG_ENABLE_OBJC_WEAK = YES;
				CLANG_WARN_BLOCK_CAPTURE_AUTORELEASING = YES;
				CLANG_WARN_BOOL_CONVERSION = YES;
				CLANG_WARN_COMMA = YES;
				CLANG_WARN_CONSTANT_CONVERSION = YES;
				CLANG_WARN_DEPRECATED_OBJC_IMPLEMENTATIONS = YES;
				CLANG_WARN_DIRECT_OBJC_ISA_USAGE = YES_ERROR;
				CLANG_WARN_DOCUMENTATION_COMMENTS = YES;
				CLANG_WARN_EMPTY_BODY = YES;
				CLANG_WARN_ENUM_CONVERSION = YES;
				CLANG_WARN_INFINITE_RECURSION = YES;
				CLANG_WARN_INT_CONVERSION = YES;
				CLANG_WARN_NON_LITERAL_NULL_CONVERSION = YES;
				CLANG_WARN_OBJC_IMPLICIT_RETAIN_SELF = YES;
				CLANG_WARN_OBJC_LITERAL_CONVERSION = YES;
				CLANG_WARN_OBJC_ROOT_CLASS = YES_ERROR;
				CLANG_WARN_QUOTED_INCLUDE_IN_FRAMEWORK_HEADER = YES;
				CLANG_WARN_RANGE_LOOP_ANALYSIS = YES;
				CLANG_WARN_STRICT_PROTOTYPES = YES;
				CLANG_WARN_SUSPICIOUS_MOVE = YES;
				CLANG_WARN_UNGUARDED_AVAILABILITY = YES_AGGRESSIVE;
				CLANG_WARN_UNREACHABLE_CODE = YES;
				CLANG_WARN__DUPLICATE_METHOD_MATCH = YES;
				COPY_PHASE_STRIP = NO;
				DEBUG_INFORMATION_FORMAT = dwarf;
				ENABLE_STRICT_OBJC_MSGSEND = YES;
				ENABLE_TESTABILITY = YES;
				GCC_C_LANGUAGE_STANDARD = gnu11;
				GCC_DYNAMIC_NO_PIC = NO;
				GCC_NO_COMMON_BLOCKS = YES;
				GCC_OPTIMIZATION_LEVEL = 0;
				GCC_PREPROCESSOR_DEFINITIONS = (
					"DEBUG=1",
					"$(inherited)",
				);
				GCC_WARN_64_TO_32_BIT_CONVERSION = YES;
				GCC_WARN_ABOUT_RETURN_TYPE = YES_ERROR;
				GCC_WARN_UNDECLARED_SELECTOR = YES;
				GCC_WARN_UNINITIALIZED_AUTOS = YES_AGGRESSIVE;
				GCC_WARN_UNUSED_FUNCTION = YES;
				GCC_WARN_UNUSED_VARIABLE = YES;
				IPHONEOS_DEPLOYMENT_TARGET = 14.5;
				MTL_ENABLE_DEBUG_INFO = INCLUDE_SOURCE;
				MTL_FAST_MATH = YES;
				ONLY_ACTIVE_ARCH = YES;
				SDKROOT = iphoneos;
				SWIFT_ACTIVE_COMPILATION_CONDITIONS = DEBUG;
				SWIFT_OPTIMIZATION_LEVEL = "-Onone";
			};
			name = Debug;
		};
		25817724275664E3000A0888 /* Release */ = {
			isa = XCBuildConfiguration;
			buildSettings = {
				ALWAYS_SEARCH_USER_PATHS = NO;
				CLANG_ANALYZER_NONNULL = YES;
				CLANG_ANALYZER_NUMBER_OBJECT_CONVERSION = YES_AGGRESSIVE;
				CLANG_CXX_LANGUAGE_STANDARD = "gnu++14";
				CLANG_CXX_LIBRARY = "libc++";
				CLANG_ENABLE_MODULES = YES;
				CLANG_ENABLE_OBJC_ARC = YES;
				CLANG_ENABLE_OBJC_WEAK = YES;
				CLANG_WARN_BLOCK_CAPTURE_AUTORELEASING = YES;
				CLANG_WARN_BOOL_CONVERSION = YES;
				CLANG_WARN_COMMA = YES;
				CLANG_WARN_CONSTANT_CONVERSION = YES;
				CLANG_WARN_DEPRECATED_OBJC_IMPLEMENTATIONS = YES;
				CLANG_WARN_DIRECT_OBJC_ISA_USAGE = YES_ERROR;
				CLANG_WARN_DOCUMENTATION_COMMENTS = YES;
				CLANG_WARN_EMPTY_BODY = YES;
				CLANG_WARN_ENUM_CONVERSION = YES;
				CLANG_WARN_INFINITE_RECURSION = YES;
				CLANG_WARN_INT_CONVERSION = YES;
				CLANG_WARN_NON_LITERAL_NULL_CONVERSION = YES;
				CLANG_WARN_OBJC_IMPLICIT_RETAIN_SELF = YES;
				CLANG_WARN_OBJC_LITERAL_CONVERSION = YES;
				CLANG_WARN_OBJC_ROOT_CLASS = YES_ERROR;
				CLANG_WARN_QUOTED_INCLUDE_IN_FRAMEWORK_HEADER = YES;
				CLANG_WARN_RANGE_LOOP_ANALYSIS = YES;
				CLANG_WARN_STRICT_PROTOTYPES = YES;
				CLANG_WARN_SUSPICIOUS_MOVE = YES;
				CLANG_WARN_UNGUARDED_AVAILABILITY = YES_AGGRESSIVE;
				CLANG_WARN_UNREACHABLE_CODE = YES;
				CLANG_WARN__DUPLICATE_METHOD_MATCH = YES;
				COPY_PHASE_STRIP = NO;
				DEBUG_INFORMATION_FORMAT = "dwarf-with-dsym";
				ENABLE_NS_ASSERTIONS = NO;
				ENABLE_STRICT_OBJC_MSGSEND = YES;
				GCC_C_LANGUAGE_STANDARD = gnu11;
				GCC_NO_COMMON_BLOCKS = YES;
				GCC_WARN_64_TO_32_BIT_CONVERSION = YES;
				GCC_WARN_ABOUT_RETURN_TYPE = YES_ERROR;
				GCC_WARN_UNDECLARED_SELECTOR = YES;
				GCC_WARN_UNINITIALIZED_AUTOS = YES_AGGRESSIVE;
				GCC_WARN_UNUSED_FUNCTION = YES;
				GCC_WARN_UNUSED_VARIABLE = YES;
				IPHONEOS_DEPLOYMENT_TARGET = 14.5;
				MTL_ENABLE_DEBUG_INFO = NO;
				MTL_FAST_MATH = YES;
				SDKROOT = iphoneos;
				SWIFT_COMPILATION_MODE = wholemodule;
				SWIFT_OPTIMIZATION_LEVEL = "-O";
				VALIDATE_PRODUCT = YES;
			};
			name = Release;
		};
		25817726275664E3000A0888 /* Debug */ = {
			isa = XCBuildConfiguration;
			baseConfigurationReference = 6477735FB2C4D38E1AF2D083 /* Pods-KegerWeighter.debug.xcconfig */;
			buildSettings = {
				ASSETCATALOG_COMPILER_APPICON_NAME = AppIcon;
				ASSETCATALOG_COMPILER_GLOBAL_ACCENT_COLOR_NAME = AccentColor;
				CODE_SIGN_ENTITLEMENTS = KegerWeighter/KegerWeighter.entitlements;
				CODE_SIGN_STYLE = Automatic;
				DEVELOPMENT_ASSET_PATHS = "\"KegerWeighter/Preview Content\"";
				DEVELOPMENT_TEAM = PYGD6FCN62;
				ENABLE_PREVIEWS = YES;
				INFOPLIST_FILE = KegerWeighter/Info.plist;
				IPHONEOS_DEPLOYMENT_TARGET = 14.0;
				LD_RUNPATH_SEARCH_PATHS = (
					"$(inherited)",
					"@executable_path/Frameworks",
				);
				PRODUCT_BUNDLE_IDENTIFIER = com.thekegerweighter.kegerweighter;
				PRODUCT_NAME = "$(TARGET_NAME)";
				SWIFT_VERSION = 5.0;
				TARGETED_DEVICE_FAMILY = "1,2";
			};
			name = Debug;
		};
		25817727275664E3000A0888 /* Release */ = {
			isa = XCBuildConfiguration;
			baseConfigurationReference = D494648D2DB32B2C74B73A72 /* Pods-KegerWeighter.release.xcconfig */;
			buildSettings = {
				ASSETCATALOG_COMPILER_APPICON_NAME = AppIcon;
				ASSETCATALOG_COMPILER_GLOBAL_ACCENT_COLOR_NAME = AccentColor;
				CODE_SIGN_ENTITLEMENTS = KegerWeighter/KegerWeighter.entitlements;
				CODE_SIGN_STYLE = Automatic;
				DEVELOPMENT_ASSET_PATHS = "\"KegerWeighter/Preview Content\"";
				DEVELOPMENT_TEAM = PYGD6FCN62;
				ENABLE_PREVIEWS = YES;
				INFOPLIST_FILE = KegerWeighter/Info.plist;
				IPHONEOS_DEPLOYMENT_TARGET = 14.0;
				LD_RUNPATH_SEARCH_PATHS = (
					"$(inherited)",
					"@executable_path/Frameworks",
				);
				PRODUCT_BUNDLE_IDENTIFIER = com.thekegerweighter.kegerweighter;
				PRODUCT_NAME = "$(TARGET_NAME)";
				SWIFT_VERSION = 5.0;
				TARGETED_DEVICE_FAMILY = "1,2";
			};
			name = Release;
		};
		25817729275664E3000A0888 /* Debug */ = {
			isa = XCBuildConfiguration;
			baseConfigurationReference = A3CBCA554B349AD31EC34D2B /* Pods-KegerWeighterTests.debug.xcconfig */;
			buildSettings = {
				ALWAYS_EMBED_SWIFT_STANDARD_LIBRARIES = YES;
				BUNDLE_LOADER = "$(TEST_HOST)";
				CODE_SIGN_STYLE = Automatic;
				DEVELOPMENT_TEAM = PYGD6FCN62;
				INFOPLIST_FILE = KegerWeighterTests/Info.plist;
				IPHONEOS_DEPLOYMENT_TARGET = 14.0;
				LD_RUNPATH_SEARCH_PATHS = (
					"$(inherited)",
					"@executable_path/Frameworks",
					"@loader_path/Frameworks",
				);
				PRODUCT_BUNDLE_IDENTIFIER = com.JoeToeniskoetter.KegerWeighterTests;
				PRODUCT_NAME = "$(TARGET_NAME)";
				SWIFT_VERSION = 5.0;
				TARGETED_DEVICE_FAMILY = "1,2";
				TEST_HOST = "$(BUILT_PRODUCTS_DIR)/KegerWeighter.app/KegerWeighter";
			};
			name = Debug;
		};
		2581772A275664E3000A0888 /* Release */ = {
			isa = XCBuildConfiguration;
			baseConfigurationReference = 17BD71427F2DC5C26279FB27 /* Pods-KegerWeighterTests.release.xcconfig */;
			buildSettings = {
				ALWAYS_EMBED_SWIFT_STANDARD_LIBRARIES = YES;
				BUNDLE_LOADER = "$(TEST_HOST)";
				CODE_SIGN_STYLE = Automatic;
				DEVELOPMENT_TEAM = PYGD6FCN62;
				INFOPLIST_FILE = KegerWeighterTests/Info.plist;
				IPHONEOS_DEPLOYMENT_TARGET = 14.0;
				LD_RUNPATH_SEARCH_PATHS = (
					"$(inherited)",
					"@executable_path/Frameworks",
					"@loader_path/Frameworks",
				);
				PRODUCT_BUNDLE_IDENTIFIER = com.JoeToeniskoetter.KegerWeighterTests;
				PRODUCT_NAME = "$(TARGET_NAME)";
				SWIFT_VERSION = 5.0;
				TARGETED_DEVICE_FAMILY = "1,2";
				TEST_HOST = "$(BUILT_PRODUCTS_DIR)/KegerWeighter.app/KegerWeighter";
			};
			name = Release;
		};
		2581772C275664E3000A0888 /* Debug */ = {
			isa = XCBuildConfiguration;
			baseConfigurationReference = C9513A3D922E4E12B8582F81 /* Pods-KegerWeighter-KegerWeighterUITests.debug.xcconfig */;
			buildSettings = {
				ALWAYS_EMBED_SWIFT_STANDARD_LIBRARIES = YES;
				CODE_SIGN_STYLE = Automatic;
				DEVELOPMENT_TEAM = PYGD6FCN62;
				INFOPLIST_FILE = KegerWeighterUITests/Info.plist;
				LD_RUNPATH_SEARCH_PATHS = (
					"$(inherited)",
					"@executable_path/Frameworks",
					"@loader_path/Frameworks",
				);
				PRODUCT_BUNDLE_IDENTIFIER = com.JoeToeniskoetter.KegerWeighterUITests;
				PRODUCT_NAME = "$(TARGET_NAME)";
				SWIFT_VERSION = 5.0;
				TARGETED_DEVICE_FAMILY = "1,2";
				TEST_TARGET_NAME = KegerWeighter;
			};
			name = Debug;
		};
		2581772D275664E3000A0888 /* Release */ = {
			isa = XCBuildConfiguration;
			baseConfigurationReference = FB6DA457F2A1636949F5A447 /* Pods-KegerWeighter-KegerWeighterUITests.release.xcconfig */;
			buildSettings = {
				ALWAYS_EMBED_SWIFT_STANDARD_LIBRARIES = YES;
				CODE_SIGN_STYLE = Automatic;
				DEVELOPMENT_TEAM = PYGD6FCN62;
				INFOPLIST_FILE = KegerWeighterUITests/Info.plist;
				LD_RUNPATH_SEARCH_PATHS = (
					"$(inherited)",
					"@executable_path/Frameworks",
					"@loader_path/Frameworks",
				);
				PRODUCT_BUNDLE_IDENTIFIER = com.JoeToeniskoetter.KegerWeighterUITests;
				PRODUCT_NAME = "$(TARGET_NAME)";
				SWIFT_VERSION = 5.0;
				TARGETED_DEVICE_FAMILY = "1,2";
				TEST_TARGET_NAME = KegerWeighter;
			};
			name = Release;
		};
/* End XCBuildConfiguration section */

/* Begin XCConfigurationList section */
		258176FB275664DC000A0888 /* Build configuration list for PBXProject "KegerWeighter" */ = {
			isa = XCConfigurationList;
			buildConfigurations = (
				25817723275664E3000A0888 /* Debug */,
				25817724275664E3000A0888 /* Release */,
			);
			defaultConfigurationIsVisible = 0;
			defaultConfigurationName = Release;
		};
		25817725275664E3000A0888 /* Build configuration list for PBXNativeTarget "KegerWeighter" */ = {
			isa = XCConfigurationList;
			buildConfigurations = (
				25817726275664E3000A0888 /* Debug */,
				25817727275664E3000A0888 /* Release */,
			);
			defaultConfigurationIsVisible = 0;
			defaultConfigurationName = Release;
		};
		25817728275664E3000A0888 /* Build configuration list for PBXNativeTarget "KegerWeighterTests" */ = {
			isa = XCConfigurationList;
			buildConfigurations = (
				25817729275664E3000A0888 /* Debug */,
				2581772A275664E3000A0888 /* Release */,
			);
			defaultConfigurationIsVisible = 0;
			defaultConfigurationName = Release;
		};
		2581772B275664E3000A0888 /* Build configuration list for PBXNativeTarget "KegerWeighterUITests" */ = {
			isa = XCConfigurationList;
			buildConfigurations = (
				2581772C275664E3000A0888 /* Debug */,
				2581772D275664E3000A0888 /* Release */,
			);
			defaultConfigurationIsVisible = 0;
			defaultConfigurationName = Release;
		};
/* End XCConfigurationList section */

/* Begin XCRemoteSwiftPackageReference section */
		2577D963276C377300064752 /* XCRemoteSwiftPackageReference "ChartView" */ = {
			isa = XCRemoteSwiftPackageReference;
			repositoryURL = "https://github.com/AppPear/ChartView";
			requirement = {
				kind = upToNextMajorVersion;
				minimumVersion = 1.0.0;
			};
		};
/* End XCRemoteSwiftPackageReference section */

/* Begin XCSwiftPackageProductDependency section */
		2577D964276C377300064752 /* SwiftUICharts */ = {
			isa = XCSwiftPackageProductDependency;
			package = 2577D963276C377300064752 /* XCRemoteSwiftPackageReference "ChartView" */;
			productName = SwiftUICharts;
		};
/* End XCSwiftPackageProductDependency section */
	};
	rootObject = 258176F8275664DC000A0888 /* Project object */;
}
